Microsoft Visual Studio Solution File, Format Version 12.00
# Visual Studio Version 17
VisualStudioVersion = 17.5.2.0
MinimumVisualStudioVersion = 10.0.40219.1
Project("{FAE04EC0-301F-11D3-BF4B-00C04F79EFBC}") = "BeehiveManagementSystem", "BeehiveManagementSystem.csproj", "{A7D3B8A2-E2AE-EAE5-2948-8D700B7ABE4E}"
EndProject
Global
	GlobalSection(SolutionConfigurationPlatforms) = preSolution
		Debug|Any CPU = Debug|Any CPU
		Release|Any CPU = Release|Any CPU
	EndGlobalSection
	GlobalSection(ProjectConfigurationPlatforms) = postSolution
		{A7D3B8A2-E2AE-EAE5-2948-8D700B7ABE4E}.Debug|Any CPU.ActiveCfg = Debug|Any CPU
		{A7D3B8A2-E2AE-EAE5-2948-8D700B7ABE4E}.Debug|Any CPU.Build.0 = Debug|Any CPU
		{A7D3B8A2-E2AE-EAE5-2948-8D700B7ABE4E}.Release|Any CPU.ActiveCfg = Release|Any CPU
		{A7D3B8A2-E2AE-EAE5-2948-8D700B7ABE4E}.Release|Any CPU.Build.0 = Release|Any CPU
	EndGlobalSection
	GlobalSection(SolutionProperties) = preSolution
		HideSolutionNode = FALSE
	EndGlobalSection
	GlobalSection(ExtensibilityGlobals) = postSolution
		SolutionGuid = {54B89866-2951-4E3A-9B88-A3B5292B31F4}
	EndGlobalSection
EndGlobal
